
Microsoft Visual Studio Solution File, Format Version 12.00
# Visual Studio Version 16
VisualStudioVersion = 16.0.33927.289
MinimumVisualStudioVersion = 10.0.40219.1
Project("{F184B08F-C81C-45F6-A57F-5ABD9991F28F}") = "Template (Swagger, Logs, DBMapper)", "Template (Swagger, Logs, DBMapper)\Template (Swagger, Logs, DBMapper).vbproj", "{41A685A8-F6E0-4A23-BF8D-238D463CB830}"
EndProject
Global
	GlobalSection(SolutionConfigurationPlatforms) = preSolution
		Debug|Any CPU = Debug|Any CPU
		Release|Any CPU = Release|Any CPU
	EndGlobalSection
	GlobalSection(ProjectConfigurationPlatforms) = postSolution
		{41A685A8-F6E0-4A23-BF8D-238D463CB830}.Debug|Any CPU.ActiveCfg = Debug|Any CPU
		{41A685A8-F6E0-4A23-BF8D-238D463CB830}.Debug|Any CPU.Build.0 = Debug|Any CPU
		{41A685A8-F6E0-4A23-BF8D-238D463CB830}.Release|Any CPU.ActiveCfg = Release|Any CPU
		{41A685A8-F6E0-4A23-BF8D-238D463CB830}.Release|Any CPU.Build.0 = Release|Any CPU
	EndGlobalSection
	GlobalSection(SolutionProperties) = preSolution
		HideSolutionNode = FALSE
	EndGlobalSection
	GlobalSection(ExtensibilityGlobals) = postSolution
		SolutionGuid = {FFF5C60A-CD5C-4F19-B280-C74014570B08}
	EndGlobalSection
EndGlobal
